
Microsoft Visual Studio Solution File, Format Version 12.00
# Visual Studio Version 16
VisualStudioVersion = 16.0.31313.79
MinimumVisualStudioVersion = 10.0.40219.1
Project("{9A19103F-16F7-4668-BE54-9A1E7A4F7556}") = "SPEMoorthy.Server", "Server\SPEMoorthy.Server.csproj", "{490EF330-49A8-4169-BABC-63FAC8B7B374}"
EndProject
Project("{9A19103F-16F7-4668-BE54-9A1E7A4F7556}") = "SPEMoorthy.Client", "Client\SPEMoorthy.Client.csproj", "{890A8E45-46A1-4426-BCF4-5248B8BBD145}"
EndProject
Project("{9A19103F-16F7-4668-BE54-9A1E7A4F7556}") = "SPEMoorthy.Shared", "Shared\SPEMoorthy.Shared.csproj", "{29CB1C86-A308-4DE3-A88C-3355E447EF0C}"
EndProject
Global
	GlobalSection(SolutionConfigurationPlatforms) = preSolution
		Debug|Any CPU = Debug|Any CPU
		Release|Any CPU = Release|Any CPU
	EndGlobalSection
	GlobalSection(ProjectConfigurationPlatforms) = postSolution
		{490EF330-49A8-4169-BABC-63FAC8B7B374}.Debug|Any CPU.ActiveCfg = Debug|Any CPU
		{490EF330-49A8-4169-BABC-63FAC8B7B374}.Debug|Any CPU.Build.0 = Debug|Any CPU
		{490EF330-49A8-4169-BABC-63FAC8B7B374}.Release|Any CPU.ActiveCfg = Release|Any CPU
		{490EF330-49A8-4169-BABC-63FAC8B7B374}.Release|Any CPU.Build.0 = Release|Any CPU
		{890A8E45-46A1-4426-BCF4-5248B8BBD145}.Debug|Any CPU.ActiveCfg = Debug|Any CPU
		{890A8E45-46A1-4426-BCF4-5248B8BBD145}.Debug|Any CPU.Build.0 = Debug|Any CPU
		{890A8E45-46A1-4426-BCF4-5248B8BBD145}.Release|Any CPU.ActiveCfg = Release|Any CPU
		{890A8E45-46A1-4426-BCF4-5248B8BBD145}.Release|Any CPU.Build.0 = Release|Any CPU
		{29CB1C86-A308-4DE3-A88C-3355E447EF0C}.Debug|Any CPU.ActiveCfg = Debug|Any CPU
		{29CB1C86-A308-4DE3-A88C-3355E447EF0C}.Debug|Any CPU.Build.0 = Debug|Any CPU
		{29CB1C86-A308-4DE3-A88C-3355E447EF0C}.Release|Any CPU.ActiveCfg = Release|Any CPU
		{29CB1C86-A308-4DE3-A88C-3355E447EF0C}.Release|Any CPU.Build.0 = Release|Any CPU
	EndGlobalSection
	GlobalSection(SolutionProperties) = preSolution
		HideSolutionNode = FALSE
	EndGlobalSection
	GlobalSection(ExtensibilityGlobals) = postSolution
		SolutionGuid = {B3D2948E-4711-4E9C-997C-5602CE575A14}
	EndGlobalSection
EndGlobal
